// !$*UTF8*$!
{
	archiveVersion = 1;
	classes = {
	};
	objectVersion = 51;
	objects = {

/* Begin PBXBuildFile section */
		260A4D88232356E5003FC64F /* AppDelegate.m in Sources */ = {isa = PBXBuildFile; fileRef = 260A4D87232356E5003FC64F /* AppDelegate.m */; };
		260A4D90232356E6003FC64F /* Assets.xcassets in Resources */ = {isa = PBXBuildFile; fileRef = 260A4D8F232356E6003FC64F /* Assets.xcassets */; };
		260A4D93232356E6003FC64F /* LaunchScreen.storyboard in Resources */ = {isa = PBXBuildFile; fileRef = 260A4D91232356E6003FC64F /* LaunchScreen.storyboard */; };
		260A4D96232356E6003FC64F /* main.m in Sources */ = {isa = PBXBuildFile; fileRef = 260A4D95232356E6003FC64F /* main.m */; };
		26C8423923235B4C00D31569 /* ZXHomeViewController.m in Sources */ = {isa = PBXBuildFile; fileRef = 26C8423823235B4C00D31569 /* ZXHomeViewController.m */; };
		26C8424023235CF600D31569 /* ListData.json in Resources */ = {isa = PBXBuildFile; fileRef = 26C8423F23235CF600D31569 /* ListData.json */; };
		26C842432324895200D31569 /* ZXSectionModel.m in Sources */ = {isa = PBXBuildFile; fileRef = 26C842422324895200D31569 /* ZXSectionModel.m */; };
		26C842462324896000D31569 /* ZXRowModel.m in Sources */ = {isa = PBXBuildFile; fileRef = 26C842452324896000D31569 /* ZXRowModel.m */; };
		26C8424C23249E8B00D31569 /* ZXAnimatedCircleViewController.m in Sources */ = {isa = PBXBuildFile; fileRef = 26C8424B23249E8B00D31569 /* ZXAnimatedCircleViewController.m */; };
		26C8424F2324A4AC00D31569 /* ZXAnimatedCircleView.m in Sources */ = {isa = PBXBuildFile; fileRef = 26C8424E2324A4AC00D31569 /* ZXAnimatedCircleView.m */; };
		26C842522324A5F900D31569 /* ZXAnimatedCircleLayer.m in Sources */ = {isa = PBXBuildFile; fileRef = 26C842512324A5F900D31569 /* ZXAnimatedCircleLayer.m */; };
		26C842562325F42400D31569 /* ZXGooeySlideMenuViewController.m in Sources */ = {isa = PBXBuildFile; fileRef = 26C842552325F42400D31569 /* ZXGooeySlideMenuViewController.m */; };
		26C842592325FC7200D31569 /* ZXGooeySlideMenuView.m in Sources */ = {isa = PBXBuildFile; fileRef = 26C842582325FC7200D31569 /* ZXGooeySlideMenuView.m */; };
		B63FF371807B91E23C509001 /* Pods_LearniOSAnimationOC.framework in Frameworks */ = {isa = PBXBuildFile; fileRef = C21C6BE99116C70D4DA4A4C8 /* Pods_LearniOSAnimationOC.framework */; };
/* End PBXBuildFile section */

/* Begin PBXFileReference section */
		260A4D83232356E5003FC64F /* LearniOSAnimationOC.app */ = {isa = PBXFileReference; explicitFileType = wrapper.application; includeInIndex = 0; path = LearniOSAnimationOC.app; sourceTree = BUILT_PRODUCTS_DIR; };
		260A4D86232356E5003FC64F /* AppDelegate.h */ = {isa = PBXFileReference; lastKnownFileType = sourcecode.c.h; path = AppDelegate.h; sourceTree = "<group>"; };
		260A4D87232356E5003FC64F /* AppDelegate.m */ = {isa = PBXFileReference; lastKnownFileType = sourcecode.c.objc; path = AppDelegate.m; sourceTree = "<group>"; };
		260A4D8F232356E6003FC64F /* Assets.xcassets */ = {isa = PBXFileReference; lastKnownFileType = folder.assetcatalog; path = Assets.xcassets; sourceTree = "<group>"; };
		260A4D92232356E6003FC64F /* Base */ = {isa = PBXFileReference; lastKnownFileType = file.storyboard; name = Base; path = Base.lproj/LaunchScreen.storyboard; sourceTree = "<group>"; };
		260A4D94232356E6003FC64F /* Info.plist */ = {isa = PBXFileReference; lastKnownFileType = text.plist.xml; path = Info.plist; sourceTree = "<group>"; };
		260A4D95232356E6003FC64F /* main.m */ = {isa = PBXFileReference; lastKnownFileType = sourcecode.c.objc; path = main.m; sourceTree = "<group>"; };
		26C8423723235B4C00D31569 /* ZXHomeViewController.h */ = {isa = PBXFileReference; lastKnownFileType = sourcecode.c.h; path = ZXHomeViewController.h; sourceTree = "<group>"; };
		26C8423823235B4C00D31569 /* ZXHomeViewController.m */ = {isa = PBXFileReference; lastKnownFileType = sourcecode.c.objc; path = ZXHomeViewController.m; sourceTree = "<group>"; };
		26C8423F23235CF600D31569 /* ListData.json */ = {isa = PBXFileReference; lastKnownFileType = text.json; path = ListData.json; sourceTree = "<group>"; };
		26C842412324895200D31569 /* ZXSectionModel.h */ = {isa = PBXFileReference; lastKnownFileType = sourcecode.c.h; path = ZXSectionModel.h; sourceTree = "<group>"; };
		26C842422324895200D31569 /* ZXSectionModel.m */ = {isa = PBXFileReference; lastKnownFileType = sourcecode.c.objc; path = ZXSectionModel.m; sourceTree = "<group>"; };
		26C842442324896000D31569 /* ZXRowModel.h */ = {isa = PBXFileReference; lastKnownFileType = sourcecode.c.h; path = ZXRowModel.h; sourceTree = "<group>"; };
		26C842452324896000D31569 /* ZXRowModel.m */ = {isa = PBXFileReference; lastKnownFileType = sourcecode.c.objc; path = ZXRowModel.m; sourceTree = "<group>"; };
		26C8424A23249E8B00D31569 /* ZXAnimatedCircleViewController.h */ = {isa = PBXFileReference; lastKnownFileType = sourcecode.c.h; path = ZXAnimatedCircleViewController.h; sourceTree = "<group>"; };
		26C8424B23249E8B00D31569 /* ZXAnimatedCircleViewController.m */ = {isa = PBXFileReference; lastKnownFileType = sourcecode.c.objc; path = ZXAnimatedCircleViewController.m; sourceTree = "<group>"; };
		26C8424D2324A4AC00D31569 /* ZXAnimatedCircleView.h */ = {isa = PBXFileReference; lastKnownFileType = sourcecode.c.h; path = ZXAnimatedCircleView.h; sourceTree = "<group>"; };
		26C8424E2324A4AC00D31569 /* ZXAnimatedCircleView.m */ = {isa = PBXFileReference; lastKnownFileType = sourcecode.c.objc; path = ZXAnimatedCircleView.m; sourceTree = "<group>"; };
		26C842502324A5F900D31569 /* ZXAnimatedCircleLayer.h */ = {isa = PBXFileReference; lastKnownFileType = sourcecode.c.h; path = ZXAnimatedCircleLayer.h; sourceTree = "<group>"; };
		26C842512324A5F900D31569 /* ZXAnimatedCircleLayer.m */ = {isa = PBXFileReference; lastKnownFileType = sourcecode.c.objc; path = ZXAnimatedCircleLayer.m; sourceTree = "<group>"; };
		26C842542325F42400D31569 /* ZXGooeySlideMenuViewController.h */ = {isa = PBXFileReference; lastKnownFileType = sourcecode.c.h; path = ZXGooeySlideMenuViewController.h; sourceTree = "<group>"; };
		26C842552325F42400D31569 /* ZXGooeySlideMenuViewController.m */ = {isa = PBXFileReference; lastKnownFileType = sourcecode.c.objc; path = ZXGooeySlideMenuViewController.m; sourceTree = "<group>"; };
		26C842572325FC7200D31569 /* ZXGooeySlideMenuView.h */ = {isa = PBXFileReference; lastKnownFileType = sourcecode.c.h; path = ZXGooeySlideMenuView.h; sourceTree = "<group>"; };
		26C842582325FC7200D31569 /* ZXGooeySlideMenuView.m */ = {isa = PBXFileReference; lastKnownFileType = sourcecode.c.objc; path = ZXGooeySlideMenuView.m; sourceTree = "<group>"; };
		AB4BDE5D2D9E6A40EA321DAA /* Pods-LearniOSAnimationOC.release.xcconfig */ = {isa = PBXFileReference; includeInIndex = 1; lastKnownFileType = text.xcconfig; name = "Pods-LearniOSAnimationOC.release.xcconfig"; path = "Target Support Files/Pods-LearniOSAnimationOC/Pods-LearniOSAnimationOC.release.xcconfig"; sourceTree = "<group>"; };
		B4A3DE315507015FCEE03D61 /* Pods-LearniOSAnimationOC.debug.xcconfig */ = {isa = PBXFileReference; includeInIndex = 1; lastKnownFileType = text.xcconfig; name = "Pods-LearniOSAnimationOC.debug.xcconfig"; path = "Target Support Files/Pods-LearniOSAnimationOC/Pods-LearniOSAnimationOC.debug.xcconfig"; sourceTree = "<group>"; };
		C21C6BE99116C70D4DA4A4C8 /* Pods_LearniOSAnimationOC.framework */ = {isa = PBXFileReference; explicitFileType = wrapper.framework; includeInIndex = 0; path = Pods_LearniOSAnimationOC.framework; sourceTree = BUILT_PRODUCTS_DIR; };
/* End PBXFileReference section */

/* Begin PBXFrameworksBuildPhase section */
		260A4D80232356E5003FC64F /* Frameworks */ = {
			isa = PBXFrameworksBuildPhase;
			buildActionMask = 2147483647;
			files = (
				B63FF371807B91E23C509001 /* Pods_LearniOSAnimationOC.framework in Frameworks */,
			);
			runOnlyForDeploymentPostprocessing = 0;
		};
/* End PBXFrameworksBuildPhase section */

/* Begin PBXGroup section */
		0573B0A15092B495D3AA28D1 /* Frameworks */ = {
			isa = PBXGroup;
			children = (
				C21C6BE99116C70D4DA4A4C8 /* Pods_LearniOSAnimationOC.framework */,
			);
			name = Frameworks;
			sourceTree = "<group>";
		};
		260A4D7A232356E5003FC64F = {
			isa = PBXGroup;
			children = (
				260A4D85232356E5003FC64F /* LearniOSAnimationOC */,
				260A4D84232356E5003FC64F /* Products */,
				83F2E814426069A3E6FC24F1 /* Pods */,
				0573B0A15092B495D3AA28D1 /* Frameworks */,
			);
			sourceTree = "<group>";
		};
		260A4D84232356E5003FC64F /* Products */ = {
			isa = PBXGroup;
			children = (
				260A4D83232356E5003FC64F /* LearniOSAnimationOC.app */,
			);
			name = Products;
			sourceTree = "<group>";
		};
		260A4D85232356E5003FC64F /* LearniOSAnimationOC */ = {
			isa = PBXGroup;
			children = (
				260A4D86232356E5003FC64F /* AppDelegate.h */,
				260A4D87232356E5003FC64F /* AppDelegate.m */,
				26C8423A23235C8100D31569 /* Home */,
				26C8423B23235C9300D31569 /* Resource */,
				260A4D8F232356E6003FC64F /* Assets.xcassets */,
				260A4D91232356E6003FC64F /* LaunchScreen.storyboard */,
				260A4D94232356E6003FC64F /* Info.plist */,
				260A4D95232356E6003FC64F /* main.m */,
			);
			path = LearniOSAnimationOC;
			sourceTree = "<group>";
		};
		26C8423A23235C8100D31569 /* Home */ = {
			isa = PBXGroup;
			children = (
				26C8423E23235CCA00D31569 /* View */,
				26C8423D23235CC500D31569 /* Model */,
				26C8423C23235CBA00D31569 /* ViewController */,
			);
			path = Home;
			sourceTree = "<group>";
		};
		26C8423B23235C9300D31569 /* Resource */ = {
			isa = PBXGroup;
			children = (
				26C8423F23235CF600D31569 /* ListData.json */,
			);
			path = Resource;
			sourceTree = "<group>";
		};
		26C8423C23235CBA00D31569 /* ViewController */ = {
			isa = PBXGroup;
			children = (
				26C8423723235B4C00D31569 /* ZXHomeViewController.h */,
				26C8423823235B4C00D31569 /* ZXHomeViewController.m */,
				26C8424823249E0700D31569 /* SubModules */,
			);
			path = ViewController;
			sourceTree = "<group>";
		};
		26C8423D23235CC500D31569 /* Model */ = {
			isa = PBXGroup;
			children = (
				26C842412324895200D31569 /* ZXSectionModel.h */,
				26C842422324895200D31569 /* ZXSectionModel.m */,
				26C842442324896000D31569 /* ZXRowModel.h */,
				26C842452324896000D31569 /* ZXRowModel.m */,
			);
			path = Model;
			sourceTree = "<group>";
		};
		26C8423E23235CCA00D31569 /* View */ = {
			isa = PBXGroup;
			children = (
			);
			path = View;
			sourceTree = "<group>";
		};
		26C8424823249E0700D31569 /* SubModules */ = {
			isa = PBXGroup;
			children = (
				26C842532325F3F900D31569 /* GooeySlideMenu */,
				26C8424923249E2E00D31569 /* AnimatedCircle */,
			);
			path = SubModules;
			sourceTree = "<group>";
		};
		26C8424923249E2E00D31569 /* AnimatedCircle */ = {
			isa = PBXGroup;
			children = (
				26C8424A23249E8B00D31569 /* ZXAnimatedCircleViewController.h */,
				26C8424B23249E8B00D31569 /* ZXAnimatedCircleViewController.m */,
				26C8424D2324A4AC00D31569 /* ZXAnimatedCircleView.h */,
				26C8424E2324A4AC00D31569 /* ZXAnimatedCircleView.m */,
				26C842502324A5F900D31569 /* ZXAnimatedCircleLayer.h */,
				26C842512324A5F900D31569 /* ZXAnimatedCircleLayer.m */,
			);
			name = AnimatedCircle;
			sourceTree = "<group>";
		};
		26C842532325F3F900D31569 /* GooeySlideMenu */ = {
			isa = PBXGroup;
			children = (
				26C842542325F42400D31569 /* ZXGooeySlideMenuViewController.h */,
				26C842552325F42400D31569 /* ZXGooeySlideMenuViewController.m */,
				26C842572325FC7200D31569 /* ZXGooeySlideMenuView.h */,
				26C842582325FC7200D31569 /* ZXGooeySlideMenuView.m */,
			);
			name = GooeySlideMenu;
			sourceTree = "<group>";
		};
		83F2E814426069A3E6FC24F1 /* Pods */ = {
			isa = PBXGroup;
			children = (
				B4A3DE315507015FCEE03D61 /* Pods-LearniOSAnimationOC.debug.xcconfig */,
				AB4BDE5D2D9E6A40EA321DAA /* Pods-LearniOSAnimationOC.release.xcconfig */,
			);
			path = Pods;
			sourceTree = "<group>";
		};
/* End PBXGroup section */

/* Begin PBXNativeTarget section */
		260A4D82232356E5003FC64F /* LearniOSAnimationOC */ = {
			isa = PBXNativeTarget;
			buildConfigurationList = 260A4D99232356E6003FC64F /* Build configuration list for PBXNativeTarget "LearniOSAnimationOC" */;
			buildPhases = (
				CC35AE021896DBF451BEF446 /* [CP] Check Pods Manifest.lock */,
				260A4D7F232356E5003FC64F /* Sources */,
				260A4D80232356E5003FC64F /* Frameworks */,
				260A4D81232356E5003FC64F /* Resources */,
				3ED522EC74BCB6C1B2ECF12E /* [CP] Embed Pods Frameworks */,
			);
			buildRules = (
			);
			dependencies = (
			);
			name = LearniOSAnimationOC;
			productName = LearniOSAnimationOC;
			productReference = 260A4D83232356E5003FC64F /* LearniOSAnimationOC.app */;
			productType = "com.apple.product-type.application";
		};
/* End PBXNativeTarget section */

/* Begin PBXProject section */
		260A4D7B232356E5003FC64F /* Project object */ = {
			isa = PBXProject;
			attributes = {
				CLASSPREFIX = ZX;
				LastUpgradeCheck = 1030;
				ORGANIZATIONNAME = Q;
				TargetAttributes = {
					260A4D82232356E5003FC64F = {
						CreatedOnToolsVersion = 10.3;
					};
				};
			};
			buildConfigurationList = 260A4D7E232356E5003FC64F /* Build configuration list for PBXProject "LearniOSAnimationOC" */;
			compatibilityVersion = "Xcode 9.3";
			developmentRegion = en;
			hasScannedForEncodings = 0;
			knownRegions = (
				en,
				Base,
			);
			mainGroup = 260A4D7A232356E5003FC64F;
			productRefGroup = 260A4D84232356E5003FC64F /* Products */;
			projectDirPath = "";
			projectRoot = "";
			targets = (
				260A4D82232356E5003FC64F /* LearniOSAnimationOC */,
			);
		};
/* End PBXProject section */

/* Begin PBXResourcesBuildPhase section */
		260A4D81232356E5003FC64F /* Resources */ = {
			isa = PBXResourcesBuildPhase;
			buildActionMask = 2147483647;
			files = (
				260A4D93232356E6003FC64F /* LaunchScreen.storyboard in Resources */,
				260A4D90232356E6003FC64F /* Assets.xcassets in Resources */,
				26C8424023235CF600D31569 /* ListData.json in Resources */,
			);
			runOnlyForDeploymentPostprocessing = 0;
		};
/* End PBXResourcesBuildPhase section */

/* Begin PBXShellScriptBuildPhase section */
		3ED522EC74BCB6C1B2ECF12E /* [CP] Embed Pods Frameworks */ = {
			isa = PBXShellScriptBuildPhase;
			buildActionMask = 2147483647;
			files = (
			);
			inputFileListPaths = (
				"${PODS_ROOT}/Target Support Files/Pods-LearniOSAnimationOC/Pods-LearniOSAnimationOC-frameworks-${CONFIGURATION}-input-files.xcfilelist",
			);
			name = "[CP] Embed Pods Frameworks";
			outputFileListPaths = (
				"${PODS_ROOT}/Target Support Files/Pods-LearniOSAnimationOC/Pods-LearniOSAnimationOC-frameworks-${CONFIGURATION}-output-files.xcfilelist",
			);
			runOnlyForDeploymentPostprocessing = 0;
			shellPath = /bin/sh;
			shellScript = "\"${PODS_ROOT}/Target Support Files/Pods-LearniOSAnimationOC/Pods-LearniOSAnimationOC-frameworks.sh\"\n";
			showEnvVarsInLog = 0;
		};
		CC35AE021896DBF451BEF446 /* [CP] Check Pods Manifest.lock */ = {
			isa = PBXShellScriptBuildPhase;
			buildActionMask = 2147483647;
			files = (
			);
			inputFileListPaths = (
			);
			inputPaths = (
				"${PODS_PODFILE_DIR_PATH}/Podfile.lock",
				"${PODS_ROOT}/Manifest.lock",
			);
			name = "[CP] Check Pods Manifest.lock";
			outputFileListPaths = (
			);
			outputPaths = (
				"$(DERIVED_FILE_DIR)/Pods-LearniOSAnimationOC-checkManifestLockResult.txt",
			);
			runOnlyForDeploymentPostprocessing = 0;
			shellPath = /bin/sh;
			shellScript = "diff \"${PODS_PODFILE_DIR_PATH}/Podfile.lock\" \"${PODS_ROOT}/Manifest.lock\" > /dev/null\nif [ $? != 0 ] ; then\n    # print error to STDERR\n    echo \"error: The sandbox is not in sync with the Podfile.lock. Run 'pod install' or update your CocoaPods installation.\" >&2\n    exit 1\nfi\n# This output is used by Xcode 'outputs' to avoid re-running this script phase.\necho \"SUCCESS\" > \"${SCRIPT_OUTPUT_FILE_0}\"\n";
			showEnvVarsInLog = 0;
		};
/* End PBXShellScriptBuildPhase section */

/* Begin PBXSourcesBuildPhase section */
		260A4D7F232356E5003FC64F /* Sources */ = {
			isa = PBXSourcesBuildPhase;
			buildActionMask = 2147483647;
			files = (
				260A4D96232356E6003FC64F /* main.m in Sources */,
				26C842462324896000D31569 /* ZXRowModel.m in Sources */,
				26C8423923235B4C00D31569 /* ZXHomeViewController.m in Sources */,
				26C842592325FC7200D31569 /* ZXGooeySlideMenuView.m in Sources */,
				260A4D88232356E5003FC64F /* AppDelegate.m in Sources */,
				26C8424F2324A4AC00D31569 /* ZXAnimatedCircleView.m in Sources */,
				26C842562325F42400D31569 /* ZXGooeySlideMenuViewController.m in Sources */,
				26C8424C23249E8B00D31569 /* ZXAnimatedCircleViewController.m in Sources */,
				26C842522324A5F900D31569 /* ZXAnimatedCircleLayer.m in Sources */,
				26C842432324895200D31569 /* ZXSectionModel.m in Sources */,
			);
			runOnlyForDeploymentPostprocessing = 0;
		};
/* End PBXSourcesBuildPhase section */

/* Begin PBXVariantGroup section */
		260A4D91232356E6003FC64F /* LaunchScreen.storyboard */ = {
			isa = PBXVariantGroup;
			children = (
				260A4D92232356E6003FC64F /* Base */,
			);
			name = LaunchScreen.storyboard;
			sourceTree = "<group>";
		};
/* End PBXVariantGroup section */

/* Begin XCBuildConfiguration section */
		260A4D97232356E6003FC64F /* Debug */ = {
			isa = XCBuildConfiguration;
			buildSettings = {
				ALWAYS_SEARCH_USER_PATHS = NO;
				CLANG_ANALYZER_NONNULL = YES;
				CLANG_ANALYZER_NUMBER_OBJECT_CONVERSION = YES_AGGRESSIVE;
				CLANG_CXX_LANGUAGE_STANDARD = "gnu++14";
				CLANG_CXX_LIBRARY = "libc++";
				CLANG_ENABLE_MODULES = YES;
				CLANG_ENABLE_OBJC_ARC = YES;
				CLANG_ENABLE_OBJC_WEAK = YES;
				CLANG_WARN_BLOCK_CAPTURE_AUTORELEASING = YES;
				CLANG_WARN_BOOL_CONVERSION = YES;
				CLANG_WARN_COMMA = YES;
				CLANG_WARN_CONSTANT_CONVERSION = YES;
				CLANG_WARN_DEPRECATED_OBJC_IMPLEMENTATIONS = YES;
				CLANG_WARN_DIRECT_OBJC_ISA_USAGE = YES_ERROR;
				CLANG_WARN_DOCUMENTATION_COMMENTS = YES;
				CLANG_WARN_EMPTY_BODY = YES;
				CLANG_WARN_ENUM_CONVERSION = YES;
				CLANG_WARN_INFINITE_RECURSION = YES;
				CLANG_WARN_INT_CONVERSION = YES;
				CLANG_WARN_NON_LITERAL_NULL_CONVERSION = YES;
				CLANG_WARN_OBJC_IMPLICIT_RETAIN_SELF = YES;
				CLANG_WARN_OBJC_LITERAL_CONVERSION = YES;
				CLANG_WARN_OBJC_ROOT_CLASS = YES_ERROR;
				CLANG_WARN_RANGE_LOOP_ANALYSIS = YES;
				CLANG_WARN_STRICT_PROTOTYPES = YES;
				CLANG_WARN_SUSPICIOUS_MOVE = YES;
				CLANG_WARN_UNGUARDED_AVAILABILITY = YES_AGGRESSIVE;
				CLANG_WARN_UNREACHABLE_CODE = YES;
				CLANG_WARN__DUPLICATE_METHOD_MATCH = YES;
				CODE_SIGN_IDENTITY = "iPhone Developer";
				COPY_PHASE_STRIP = NO;
				DEBUG_INFORMATION_FORMAT = dwarf;
				ENABLE_STRICT_OBJC_MSGSEND = YES;
				ENABLE_TESTABILITY = YES;
				GCC_C_LANGUAGE_STANDARD = gnu11;
				GCC_DYNAMIC_NO_PIC = NO;
				GCC_NO_COMMON_BLOCKS = YES;
				GCC_OPTIMIZATION_LEVEL = 0;
				GCC_PREPROCESSOR_DEFINITIONS = (
					"DEBUG=1",
					"$(inherited)",
				);
				GCC_WARN_64_TO_32_BIT_CONVERSION = YES;
				GCC_WARN_ABOUT_RETURN_TYPE = YES_ERROR;
				GCC_WARN_UNDECLARED_SELECTOR = YES;
				GCC_WARN_UNINITIALIZED_AUTOS = YES_AGGRESSIVE;
				GCC_WARN_UNUSED_FUNCTION = YES;
				GCC_WARN_UNUSED_VARIABLE = YES;
				IPHONEOS_DEPLOYMENT_TARGET = 12.4;
				MTL_ENABLE_DEBUG_INFO = INCLUDE_SOURCE;
				MTL_FAST_MATH = YES;
				ONLY_ACTIVE_ARCH = YES;
				SDKROOT = iphoneos;
			};
			name = Debug;
		};
		260A4D98232356E6003FC64F /* Release */ = {
			isa = XCBuildConfiguration;
			buildSettings = {
				ALWAYS_SEARCH_USER_PATHS = NO;
				CLANG_ANALYZER_NONNULL = YES;
				CLANG_ANALYZER_NUMBER_OBJECT_CONVERSION = YES_AGGRESSIVE;
				CLANG_CXX_LANGUAGE_STANDARD = "gnu++14";
				CLANG_CXX_LIBRARY = "libc++";
				CLANG_ENABLE_MODULES = YES;
				CLANG_ENABLE_OBJC_ARC = YES;
				CLANG_ENABLE_OBJC_WEAK = YES;
				CLANG_WARN_BLOCK_CAPTURE_AUTORELEASING = YES;
				CLANG_WARN_BOOL_CONVERSION = YES;
				CLANG_WARN_COMMA = YES;
				CLANG_WARN_CONSTANT_CONVERSION = YES;
				CLANG_WARN_DEPRECATED_OBJC_IMPLEMENTATIONS = YES;
				CLANG_WARN_DIRECT_OBJC_ISA_USAGE = YES_ERROR;
				CLANG_WARN_DOCUMENTATION_COMMENTS = YES;
				CLANG_WARN_EMPTY_BODY = YES;
				CLANG_WARN_ENUM_CONVERSION = YES;
				CLANG_WARN_INFINITE_RECURSION = YES;
				CLANG_WARN_INT_CONVERSION = YES;
				CLANG_WARN_NON_LITERAL_NULL_CONVERSION = YES;
				CLANG_WARN_OBJC_IMPLICIT_RETAIN_SELF = YES;
				CLANG_WARN_OBJC_LITERAL_CONVERSION = YES;
				CLANG_WARN_OBJC_ROOT_CLASS = YES_ERROR;
				CLANG_WARN_RANGE_LOOP_ANALYSIS = YES;
				CLANG_WARN_STRICT_PROTOTYPES = YES;
				CLANG_WARN_SUSPICIOUS_MOVE = YES;
				CLANG_WARN_UNGUARDED_AVAILABILITY = YES_AGGRESSIVE;
				CLANG_WARN_UNREACHABLE_CODE = YES;
				CLANG_WARN__DUPLICATE_METHOD_MATCH = YES;
				CODE_SIGN_IDENTITY = "iPhone Developer";
				COPY_PHASE_STRIP = NO;
				DEBUG_INFORMATION_FORMAT = "dwarf-with-dsym";
				ENABLE_NS_ASSERTIONS = NO;
				ENABLE_STRICT_OBJC_MSGSEND = YES;
				GCC_C_LANGUAGE_STANDARD = gnu11;
				GCC_NO_COMMON_BLOCKS = YES;
				GCC_WARN_64_TO_32_BIT_CONVERSION = YES;
				GCC_WARN_ABOUT_RETURN_TYPE = YES_ERROR;
				GCC_WARN_UNDECLARED_SELECTOR = YES;
				GCC_WARN_UNINITIALIZED_AUTOS = YES_AGGRESSIVE;
				GCC_WARN_UNUSED_FUNCTION = YES;
				GCC_WARN_UNUSED_VARIABLE = YES;
				IPHONEOS_DEPLOYMENT_TARGET = 12.4;
				MTL_ENABLE_DEBUG_INFO = NO;
				MTL_FAST_MATH = YES;
				SDKROOT = iphoneos;
				VALIDATE_PRODUCT = YES;
			};
			name = Release;
		};
		260A4D9A232356E6003FC64F /* Debug */ = {
			isa = XCBuildConfiguration;
			baseConfigurationReference = B4A3DE315507015FCEE03D61 /* Pods-LearniOSAnimationOC.debug.xcconfig */;
			buildSettings = {
				ASSETCATALOG_COMPILER_APPICON_NAME = AppIcon;
				CODE_SIGN_STYLE = Automatic;
				DEVELOPMENT_TEAM = 26Z2MG3ME2;
				INFOPLIST_FILE = LearniOSAnimationOC/Info.plist;
				IPHONEOS_DEPLOYMENT_TARGET = 10.0;
				LD_RUNPATH_SEARCH_PATHS = (
					"$(inherited)",
					"@executable_path/Frameworks",
				);
				PRODUCT_BUNDLE_IDENTIFIER = com.windorz.LearniOSAnimationOC;
				PRODUCT_NAME = "$(TARGET_NAME)";
				TARGETED_DEVICE_FAMILY = 1;
			};
			name = Debug;
		};
		260A4D9B232356E6003FC64F /* Release */ = {
			isa = XCBuildConfiguration;
			baseConfigurationReference = AB4BDE5D2D9E6A40EA321DAA /* Pods-LearniOSAnimationOC.release.xcconfig */;
			buildSettings = {
				ASSETCATALOG_COMPILER_APPICON_NAME = AppIcon;
				CODE_SIGN_STYLE = Automatic;
				DEVELOPMENT_TEAM = 26Z2MG3ME2;
				INFOPLIST_FILE = LearniOSAnimationOC/Info.plist;
				IPHONEOS_DEPLOYMENT_TARGET = 10.0;
				LD_RUNPATH_SEARCH_PATHS = (
					"$(inherited)",
					"@executable_path/Frameworks",
				);
				PRODUCT_BUNDLE_IDENTIFIER = com.windorz.LearniOSAnimationOC;
				PRODUCT_NAME = "$(TARGET_NAME)";
				TARGETED_DEVICE_FAMILY = 1;
			};
			name = Release;
		};
/* End XCBuildConfiguration section */

/* Begin XCConfigurationList section */
		260A4D7E232356E5003FC64F /* Build configuration list for PBXProject "LearniOSAnimationOC" */ = {
			isa = XCConfigurationList;
			buildConfigurations = (
				260A4D97232356E6003FC64F /* Debug */,
				260A4D98232356E6003FC64F /* Release */,
			);
			defaultConfigurationIsVisible = 0;
			defaultConfigurationName = Release;
		};
		260A4D99232356E6003FC64F /* Build configuration list for PBXNativeTarget "LearniOSAnimationOC" */ = {
			isa = XCConfigurationList;
			buildConfigurations = (
				260A4D9A232356E6003FC64F /* Debug */,
				260A4D9B232356E6003FC64F /* Release */,
			);
			defaultConfigurationIsVisible = 0;
			defaultConfigurationName = Release;
		};
/* End XCConfigurationList section */
	};
	rootObject = 260A4D7B232356E5003FC64F /* Project object */;
}
